
Microsoft Visual Studio Solution File, Format Version 12.00
# Visual Studio Version 17
VisualStudioVersion = 17.3.32929.385
MinimumVisualStudioVersion = 10.0.40219.1
Project("{FAE04EC0-301F-11D3-BF4B-00C04F79EFBC}") = "EvernoteClone", "EvernoteClone\EvernoteClone.csproj", "{B8C1AD7F-C404-4105-A634-CA13AFA144CE}"
EndProject
Global
	GlobalSection(SolutionConfigurationPlatforms) = preSolution
		Debug|Any CPU = Debug|Any CPU
		Release|Any CPU = Release|Any CPU
	EndGlobalSection
	GlobalSection(ProjectConfigurationPlatforms) = postSolution
		{B8C1AD7F-C404-4105-A634-CA13AFA144CE}.Debug|Any CPU.ActiveCfg = Debug|Any CPU
		{B8C1AD7F-C404-4105-A634-CA13AFA144CE}.Debug|Any CPU.Build.0 = Debug|Any CPU
		{B8C1AD7F-C404-4105-A634-CA13AFA144CE}.Release|Any CPU.ActiveCfg = Release|Any CPU
		{B8C1AD7F-C404-4105-A634-CA13AFA144CE}.Release|Any CPU.Build.0 = Release|Any CPU
	EndGlobalSection
	GlobalSection(SolutionProperties) = preSolution
		HideSolutionNode = FALSE
	EndGlobalSection
	GlobalSection(ExtensibilityGlobals) = postSolution
		SolutionGuid = {1E53D8B5-AFFD-4997-A980-8104A0261561}
	EndGlobalSection
EndGlobal
